<?xml version="1.0" encoding="utf-8"?>
<Project ToolsVersion="4.0" xmlns="http://schemas.microsoft.com/developer/msbuild/2003">
  <ItemGroup>
    <Filter Include="Исходные файлы">
      <UniqueIdentifier>{4FC737F1-C7A5-4376-A066-2A32D752A2FF}</UniqueIdentifier>
      <Extensions>cpp;c;cc;cxx;c++;cppm;ixx;def;odl;idl;hpj;bat;asm;asmx</Extensions>
    </Filter>
    <Filter Include="Файлы заголовков">
      <UniqueIdentifier>{93995380-89BD-4b04-88EB-625FBE52EBFB}</UniqueIdentifier>
      <Extensions>h;hh;hpp;hxx;h++;hm;inl;inc;ipp;xsd</Extensions>
    </Filter>
    <Filter Include="Файлы ресурсов">
      <UniqueIdentifier>{67DA6AB6-F800-4c08-8B7A-83BB121AAD01}</UniqueIdentifier>
      <Extensions>rc;ico;cur;bmp;dlg;rc2;rct;bin;rgs;gif;jpg;jpeg;jpe;resx;tiff;tif;png;wav;mfcribbon-ms</Extensions>
    </Filter>
    <Filter Include="Файлы заголовков\Chapter 2">
      <UniqueIdentifier>{026fed46-f6e7-4155-bf4a-36380c550040}</UniqueIdentifier>
    </Filter>
    <Filter Include="Файлы заголовков\Chapter 3">
      <UniqueIdentifier>{6dfd68f7-e552-4d74-a241-c71420e4b4d7}</UniqueIdentifier>
    </Filter>
    <Filter Include="Файлы заголовков\Chapter 4">
      <UniqueIdentifier>{f9ee2c94-e28c-461c-8fc4-9a7742a72eb3}</UniqueIdentifier>
    </Filter>
    <Filter Include="Файлы заголовков\Chapter 5">
      <UniqueIdentifier>{bc5f7d59-eb94-4543-9359-2fbb216a621b}</UniqueIdentifier>
    </Filter>
    <Filter Include="Файлы заголовков\Chapter 6">
      <UniqueIdentifier>{1a8618a3-a606-4086-8176-6575e5343bca}</UniqueIdentifier>
    </Filter>
  </ItemGroup>
  <ItemGroup>
    <ClInclude Include="Chapter 2\Exercises.h">
      <Filter>Файлы заголовков\Chapter 2</Filter>
    </ClInclude>
    <ClInclude Include="Chapter2.h">
      <Filter>Файлы заголовков</Filter>
    </ClInclude>
    <ClInclude Include="Chapter 3\Exercises.h">
      <Filter>Файлы заголовков\Chapter 3</Filter>
    </ClInclude>
    <ClInclude Include="Chapter3.h">
      <Filter>Файлы заголовков</Filter>
    </ClInclude>
    <ClInclude Include="Chapter 4\Exercises.h">
      <Filter>Файлы заголовков\Chapter 4</Filter>
    </ClInclude>
    <ClInclude Include="Chapter4.h">
      <Filter>Файлы заголовков</Filter>
    </ClInclude>
    <ClInclude Include="Chapter 5\Exercises.h">
      <Filter>Файлы заголовков\Chapter 5</Filter>
    </ClInclude>
    <ClInclude Include="Chapter5.h">
      <Filter>Файлы заголовков</Filter>
    </ClInclude>
    <ClInclude Include="Chapter 6\Exercises.h">
      <Filter>Файлы заголовков\Chapter 6</Filter>
    </ClInclude>
    <ClInclude Include="Chapter6.h">
      <Filter>Файлы заголовков</Filter>
    </ClInclude>
  </ItemGroup>
  <ItemGroup>
    <ClCompile Include="main.cpp">
      <Filter>Исходные файлы</Filter>
    </ClCompile>
  </ItemGroup>
</Project>